{
  "name": "webbased",
  "lockfileVersion": 2,
  "requires": true,
  "packages": {
    "": {
      "dependencies": {
        "lorem-ipsum": "^2.0.4"
      }
    },
    "node_modules/commander": {
      "version": "2.20.3",
      "resolved": "https://registry.npmjs.org/commander/-/commander-2.20.3.tgz",
      "integrity": "sha512-GpVkmM8vF2vQUkj2LvZmD35JxeJOLCwJ9cUkugyk2nuhbv3+mJvpLYYt+0+USMxE+oj+ey/lJEnhZw75x/OMcQ=="
    },
    "node_modules/lorem-ipsum": {
      "version": "2.0.4",
      "resolved": "https://registry.npmjs.org/lorem-ipsum/-/lorem-ipsum-2.0.4.tgz",
      "integrity": "sha512-TD+ERYfxjYiUfOyaKU6OH4euumNVeKoo3BxIhokb7bGmoCULsME48onF9NVxYK3CU1z9L5ALnkDkW8lIkHvMNQ==",
      "dependencies": {
        "commander": "^2.17.1"
      },
      "bin": {
        "lorem-ipsum": "dist/bin/lorem-ipsum.bin.js"
      },
      "engines": {
        "node": ">= 8.x",
        "npm": ">= 5.x"
      }
    }
  },
  "dependencies": {
    "commander": {
      "version": "2.20.3",
      "resolved": "https://registry.npmjs.org/commander/-/commander-2.20.3.tgz",
      "integrity": "sha512-GpVkmM8vF2vQUkj2LvZmD35JxeJOLCwJ9cUkugyk2nuhbv3+mJvpLYYt+0+USMxE+oj+ey/lJEnhZw75x/OMcQ=="
    },
    "lorem-ipsum": {
      "version": "2.0.4",
      "resolved": "https://registry.npmjs.org/lorem-ipsum/-/lorem-ipsum-2.0.4.tgz",
      "integrity": "sha512-TD+ERYfxjYiUfOyaKU6OH4euumNVeKoo3BxIhokb7bGmoCULsME48onF9NVxYK3CU1z9L5ALnkDkW8lIkHvMNQ==",
      "requires": {
        "commander": "^2.17.1"
      }
    }
  }
}
